// !$*UTF8*$!
{
	archiveVersion = 1;
	classes = {
	};
	objectVersion = 56;
	objects = {

/* Begin PBXBuildFile section */
		6522677E2B3ADB300068E9EA /* LandmarkRow.swift in Sources */ = {isa = PBXBuildFile; fileRef = 6522677D2B3ADB300068E9EA /* LandmarkRow.swift */; };
		65686CD22B3D4E3B0005AEF8 /* LandmarkList.swift in Sources */ = {isa = PBXBuildFile; fileRef = 65686CD12B3D4E3B0005AEF8 /* LandmarkList.swift */; };
		65686CD42B3D57700005AEF8 /* LandmarkDetail.swift in Sources */ = {isa = PBXBuildFile; fileRef = 65686CD32B3D57700005AEF8 /* LandmarkDetail.swift */; };
		65E5D92E2B39BEBA00E419D5 /* LandmarkApp.swift in Sources */ = {isa = PBXBuildFile; fileRef = 65E5D92D2B39BEBA00E419D5 /* LandmarkApp.swift */; };
		65E5D9302B39BEBA00E419D5 /* ContentView.swift in Sources */ = {isa = PBXBuildFile; fileRef = 65E5D92F2B39BEBA00E419D5 /* ContentView.swift */; };
		65E5D9322B39BEBC00E419D5 /* Assets.xcassets in Resources */ = {isa = PBXBuildFile; fileRef = 65E5D9312B39BEBC00E419D5 /* Assets.xcassets */; };
		65E5D9352B39BEBC00E419D5 /* Preview Assets.xcassets in Resources */ = {isa = PBXBuildFile; fileRef = 65E5D9342B39BEBC00E419D5 /* Preview Assets.xcassets */; };
		65E5D93D2B39BF8B00E419D5 /* MapView.swift in Sources */ = {isa = PBXBuildFile; fileRef = 65E5D93B2B39BF8B00E419D5 /* MapView.swift */; };
		65E5D93E2B39BF8B00E419D5 /* CircleImage.swift in Sources */ = {isa = PBXBuildFile; fileRef = 65E5D93C2B39BF8B00E419D5 /* CircleImage.swift */; };
		65E5D9502B39C2F400E419D5 /* LICENSE.txt in Resources */ = {isa = PBXBuildFile; fileRef = 65E5D9412B39C2F400E419D5 /* LICENSE.txt */; };
		65E5D9512B39C2F400E419D5 /* umbagog@2x.jpg in Resources */ = {isa = PBXBuildFile; fileRef = 65E5D9432B39C2F400E419D5 /* umbagog@2x.jpg */; };
		65E5D9522B39C2F400E419D5 /* twinlake@2x.jpg in Resources */ = {isa = PBXBuildFile; fileRef = 65E5D9442B39C2F400E419D5 /* twinlake@2x.jpg */; };
		65E5D9532B39C2F400E419D5 /* chincoteague@2x.jpg in Resources */ = {isa = PBXBuildFile; fileRef = 65E5D9452B39C2F400E419D5 /* chincoteague@2x.jpg */; };
		65E5D9542B39C2F400E419D5 /* lakemcdonald@2x.jpg in Resources */ = {isa = PBXBuildFile; fileRef = 65E5D9462B39C2F400E419D5 /* lakemcdonald@2x.jpg */; };
		65E5D9552B39C2F400E419D5 /* silversalmoncreek@2x.jpg in Resources */ = {isa = PBXBuildFile; fileRef = 65E5D9472B39C2F400E419D5 /* silversalmoncreek@2x.jpg */; };
		65E5D9562B39C2F400E419D5 /* icybay@2x.jpg in Resources */ = {isa = PBXBuildFile; fileRef = 65E5D9482B39C2F400E419D5 /* icybay@2x.jpg */; };
		65E5D9572B39C2F400E419D5 /* hiddenlake@2x.jpg in Resources */ = {isa = PBXBuildFile; fileRef = 65E5D9492B39C2F400E419D5 /* hiddenlake@2x.jpg */; };
		65E5D9582B39C2F400E419D5 /* chilkoottrail@2x.jpg in Resources */ = {isa = PBXBuildFile; fileRef = 65E5D94A2B39C2F400E419D5 /* chilkoottrail@2x.jpg */; };
		65E5D9592B39C2F400E419D5 /* stmarylake@2x.jpg in Resources */ = {isa = PBXBuildFile; fileRef = 65E5D94B2B39C2F400E419D5 /* stmarylake@2x.jpg */; };
		65E5D95A2B39C2F400E419D5 /* charleyrivers@2x.jpg in Resources */ = {isa = PBXBuildFile; fileRef = 65E5D94C2B39C2F400E419D5 /* charleyrivers@2x.jpg */; };
		65E5D95B2B39C2F400E419D5 /* rainbowlake@2x.jpg in Resources */ = {isa = PBXBuildFile; fileRef = 65E5D94D2B39C2F400E419D5 /* rainbowlake@2x.jpg */; };
		65E5D95C2B39C2F400E419D5 /* landmarkData.json in Resources */ = {isa = PBXBuildFile; fileRef = 65E5D94E2B39C2F400E419D5 /* landmarkData.json */; };
		65E5D95D2B39C2F400E419D5 /* turtlerock@2x.jpg in Resources */ = {isa = PBXBuildFile; fileRef = 65E5D94F2B39C2F400E419D5 /* turtlerock@2x.jpg */; };
		65E5D95F2B39C32800E419D5 /* Landmark.swift in Sources */ = {isa = PBXBuildFile; fileRef = 65E5D95E2B39C32800E419D5 /* Landmark.swift */; };
		65E5D9612B3A0E5C00E419D5 /* ModelData.swift in Sources */ = {isa = PBXBuildFile; fileRef = 65E5D9602B3A0E5C00E419D5 /* ModelData.swift */; };
/* End PBXBuildFile section */

/* Begin PBXFileReference section */
		6522677D2B3ADB300068E9EA /* LandmarkRow.swift */ = {isa = PBXFileReference; lastKnownFileType = sourcecode.swift; path = LandmarkRow.swift; sourceTree = "<group>"; };
		65686CD12B3D4E3B0005AEF8 /* LandmarkList.swift */ = {isa = PBXFileReference; lastKnownFileType = sourcecode.swift; path = LandmarkList.swift; sourceTree = "<group>"; };
		65686CD32B3D57700005AEF8 /* LandmarkDetail.swift */ = {isa = PBXFileReference; lastKnownFileType = sourcecode.swift; path = LandmarkDetail.swift; sourceTree = "<group>"; };
		65E5D92A2B39BEBA00E419D5 /* Landmark.app */ = {isa = PBXFileReference; explicitFileType = wrapper.application; includeInIndex = 0; path = Landmark.app; sourceTree = BUILT_PRODUCTS_DIR; };
		65E5D92D2B39BEBA00E419D5 /* LandmarkApp.swift */ = {isa = PBXFileReference; lastKnownFileType = sourcecode.swift; path = LandmarkApp.swift; sourceTree = "<group>"; };
		65E5D92F2B39BEBA00E419D5 /* ContentView.swift */ = {isa = PBXFileReference; lastKnownFileType = sourcecode.swift; path = ContentView.swift; sourceTree = "<group>"; };
		65E5D9312B39BEBC00E419D5 /* Assets.xcassets */ = {isa = PBXFileReference; lastKnownFileType = folder.assetcatalog; path = Assets.xcassets; sourceTree = "<group>"; };
		65E5D9342B39BEBC00E419D5 /* Preview Assets.xcassets */ = {isa = PBXFileReference; lastKnownFileType = folder.assetcatalog; path = "Preview Assets.xcassets"; sourceTree = "<group>"; };
		65E5D93B2B39BF8B00E419D5 /* MapView.swift */ = {isa = PBXFileReference; fileEncoding = 4; lastKnownFileType = sourcecode.swift; path = MapView.swift; sourceTree = "<group>"; };
		65E5D93C2B39BF8B00E419D5 /* CircleImage.swift */ = {isa = PBXFileReference; fileEncoding = 4; lastKnownFileType = sourcecode.swift; path = CircleImage.swift; sourceTree = "<group>"; };
		65E5D9412B39C2F400E419D5 /* LICENSE.txt */ = {isa = PBXFileReference; fileEncoding = 4; lastKnownFileType = text; path = LICENSE.txt; sourceTree = "<group>"; };
		65E5D9432B39C2F400E419D5 /* umbagog@2x.jpg */ = {isa = PBXFileReference; lastKnownFileType = image.jpeg; path = "umbagog@2x.jpg"; sourceTree = "<group>"; };
		65E5D9442B39C2F400E419D5 /* twinlake@2x.jpg */ = {isa = PBXFileReference; lastKnownFileType = image.jpeg; path = "twinlake@2x.jpg"; sourceTree = "<group>"; };
		65E5D9452B39C2F400E419D5 /* chincoteague@2x.jpg */ = {isa = PBXFileReference; lastKnownFileType = image.jpeg; path = "chincoteague@2x.jpg"; sourceTree = "<group>"; };
		65E5D9462B39C2F400E419D5 /* lakemcdonald@2x.jpg */ = {isa = PBXFileReference; lastKnownFileType = image.jpeg; path = "lakemcdonald@2x.jpg"; sourceTree = "<group>"; };
		65E5D9472B39C2F400E419D5 /* silversalmoncreek@2x.jpg */ = {isa = PBXFileReference; lastKnownFileType = image.jpeg; path = "silversalmoncreek@2x.jpg"; sourceTree = "<group>"; };
		65E5D9482B39C2F400E419D5 /* icybay@2x.jpg */ = {isa = PBXFileReference; lastKnownFileType = image.jpeg; path = "icybay@2x.jpg"; sourceTree = "<group>"; };
		65E5D9492B39C2F400E419D5 /* hiddenlake@2x.jpg */ = {isa = PBXFileReference; lastKnownFileType = image.jpeg; path = "hiddenlake@2x.jpg"; sourceTree = "<group>"; };
		65E5D94A2B39C2F400E419D5 /* chilkoottrail@2x.jpg */ = {isa = PBXFileReference; lastKnownFileType = image.jpeg; path = "chilkoottrail@2x.jpg"; sourceTree = "<group>"; };
		65E5D94B2B39C2F400E419D5 /* stmarylake@2x.jpg */ = {isa = PBXFileReference; lastKnownFileType = image.jpeg; path = "stmarylake@2x.jpg"; sourceTree = "<group>"; };
		65E5D94C2B39C2F400E419D5 /* charleyrivers@2x.jpg */ = {isa = PBXFileReference; lastKnownFileType = image.jpeg; path = "charleyrivers@2x.jpg"; sourceTree = "<group>"; };
		65E5D94D2B39C2F400E419D5 /* rainbowlake@2x.jpg */ = {isa = PBXFileReference; lastKnownFileType = image.jpeg; path = "rainbowlake@2x.jpg"; sourceTree = "<group>"; };
		65E5D94E2B39C2F400E419D5 /* landmarkData.json */ = {isa = PBXFileReference; fileEncoding = 4; lastKnownFileType = text.json; path = landmarkData.json; sourceTree = "<group>"; };
		65E5D94F2B39C2F400E419D5 /* turtlerock@2x.jpg */ = {isa = PBXFileReference; lastKnownFileType = image.jpeg; path = "turtlerock@2x.jpg"; sourceTree = "<group>"; };
		65E5D95E2B39C32800E419D5 /* Landmark.swift */ = {isa = PBXFileReference; lastKnownFileType = sourcecode.swift; path = Landmark.swift; sourceTree = "<group>"; };
		65E5D9602B3A0E5C00E419D5 /* ModelData.swift */ = {isa = PBXFileReference; lastKnownFileType = sourcecode.swift; path = ModelData.swift; sourceTree = "<group>"; };
/* End PBXFileReference section */

/* Begin PBXFrameworksBuildPhase section */
		65E5D9272B39BEBA00E419D5 /* Frameworks */ = {
			isa = PBXFrameworksBuildPhase;
			buildActionMask = 2147483647;
			files = (
			);
			runOnlyForDeploymentPostprocessing = 0;
		};
/* End PBXFrameworksBuildPhase section */

/* Begin PBXGroup section */
		6522677B2B3AD7590068E9EA /* Views */ = {
			isa = PBXGroup;
			children = (
				65E5D92F2B39BEBA00E419D5 /* ContentView.swift */,
				65E5D93C2B39BF8B00E419D5 /* CircleImage.swift */,
				65E5D93B2B39BF8B00E419D5 /* MapView.swift */,
				6522677D2B3ADB300068E9EA /* LandmarkRow.swift */,
				65686CD12B3D4E3B0005AEF8 /* LandmarkList.swift */,
				65686CD32B3D57700005AEF8 /* LandmarkDetail.swift */,
			);
			path = Views;
			sourceTree = "<group>";
		};
		6522677C2B3AD76C0068E9EA /* Model */ = {
			isa = PBXGroup;
			children = (
				65E5D95E2B39C32800E419D5 /* Landmark.swift */,
				65E5D9602B3A0E5C00E419D5 /* ModelData.swift */,
			);
			path = Model;
			sourceTree = "<group>";
		};
		65E5D9212B39BEBA00E419D5 = {
			isa = PBXGroup;
			children = (
				65E5D92C2B39BEBA00E419D5 /* Landmark */,
				65E5D92B2B39BEBA00E419D5 /* Products */,
			);
			sourceTree = "<group>";
		};
		65E5D92B2B39BEBA00E419D5 /* Products */ = {
			isa = PBXGroup;
			children = (
				65E5D92A2B39BEBA00E419D5 /* Landmark.app */,
			);
			name = Products;
			sourceTree = "<group>";
		};
		65E5D92C2B39BEBA00E419D5 /* Landmark */ = {
			isa = PBXGroup;
			children = (
				65E5D92D2B39BEBA00E419D5 /* LandmarkApp.swift */,
				6522677B2B3AD7590068E9EA /* Views */,
				6522677C2B3AD76C0068E9EA /* Model */,
				65E5D93F2B39C2F400E419D5 /* Resources */,
				65E5D9312B39BEBC00E419D5 /* Assets.xcassets */,
				65E5D9332B39BEBC00E419D5 /* Preview Content */,
			);
			path = Landmark;
			sourceTree = "<group>";
		};
		65E5D9332B39BEBC00E419D5 /* Preview Content */ = {
			isa = PBXGroup;
			children = (
				65E5D9342B39BEBC00E419D5 /* Preview Assets.xcassets */,
			);
			path = "Preview Content";
			sourceTree = "<group>";
		};
		65E5D93F2B39C2F400E419D5 /* Resources */ = {
			isa = PBXGroup;
			children = (
				65E5D9402B39C2F400E419D5 /* LICENSE */,
				65E5D9422B39C2F400E419D5 /* Images */,
				65E5D94E2B39C2F400E419D5 /* landmarkData.json */,
				65E5D94F2B39C2F400E419D5 /* turtlerock@2x.jpg */,
			);
			path = Resources;
			sourceTree = "<group>";
		};
		65E5D9402B39C2F400E419D5 /* LICENSE */ = {
			isa = PBXGroup;
			children = (
				65E5D9412B39C2F400E419D5 /* LICENSE.txt */,
			);
			path = LICENSE;
			sourceTree = "<group>";
		};
		65E5D9422B39C2F400E419D5 /* Images */ = {
			isa = PBXGroup;
			children = (
				65E5D9432B39C2F400E419D5 /* umbagog@2x.jpg */,
				65E5D9442B39C2F400E419D5 /* twinlake@2x.jpg */,
				65E5D9452B39C2F400E419D5 /* chincoteague@2x.jpg */,
				65E5D9462B39C2F400E419D5 /* lakemcdonald@2x.jpg */,
				65E5D9472B39C2F400E419D5 /* silversalmoncreek@2x.jpg */,
				65E5D9482B39C2F400E419D5 /* icybay@2x.jpg */,
				65E5D9492B39C2F400E419D5 /* hiddenlake@2x.jpg */,
				65E5D94A2B39C2F400E419D5 /* chilkoottrail@2x.jpg */,
				65E5D94B2B39C2F400E419D5 /* stmarylake@2x.jpg */,
				65E5D94C2B39C2F400E419D5 /* charleyrivers@2x.jpg */,
				65E5D94D2B39C2F400E419D5 /* rainbowlake@2x.jpg */,
			);
			path = Images;
			sourceTree = "<group>";
		};
/* End PBXGroup section */

/* Begin PBXNativeTarget section */
		65E5D9292B39BEBA00E419D5 /* Landmark */ = {
			isa = PBXNativeTarget;
			buildConfigurationList = 65E5D9382B39BEBC00E419D5 /* Build configuration list for PBXNativeTarget "Landmark" */;
			buildPhases = (
				65E5D9262B39BEBA00E419D5 /* Sources */,
				65E5D9272B39BEBA00E419D5 /* Frameworks */,
				65E5D9282B39BEBA00E419D5 /* Resources */,
			);
			buildRules = (
			);
			dependencies = (
			);
			name = Landmark;
			productName = Landmark;
			productReference = 65E5D92A2B39BEBA00E419D5 /* Landmark.app */;
			productType = "com.apple.product-type.application";
		};
/* End PBXNativeTarget section */

/* Begin PBXProject section */
		65E5D9222B39BEBA00E419D5 /* Project object */ = {
			isa = PBXProject;
			attributes = {
				BuildIndependentTargetsInParallel = 1;
				LastSwiftUpdateCheck = 1500;
				LastUpgradeCheck = 1500;
				TargetAttributes = {
					65E5D9292B39BEBA00E419D5 = {
						CreatedOnToolsVersion = 15.0.1;
					};
				};
			};
			buildConfigurationList = 65E5D9252B39BEBA00E419D5 /* Build configuration list for PBXProject "Landmark" */;
			compatibilityVersion = "Xcode 14.0";
			developmentRegion = en;
			hasScannedForEncodings = 0;
			knownRegions = (
				en,
				Base,
			);
			mainGroup = 65E5D9212B39BEBA00E419D5;
			productRefGroup = 65E5D92B2B39BEBA00E419D5 /* Products */;
			projectDirPath = "";
			projectRoot = "";
			targets = (
				65E5D9292B39BEBA00E419D5 /* Landmark */,
			);
		};
/* End PBXProject section */

/* Begin PBXResourcesBuildPhase section */
		65E5D9282B39BEBA00E419D5 /* Resources */ = {
			isa = PBXResourcesBuildPhase;
			buildActionMask = 2147483647;
			files = (
				65E5D95A2B39C2F400E419D5 /* charleyrivers@2x.jpg in Resources */,
				65E5D9502B39C2F400E419D5 /* LICENSE.txt in Resources */,
				65E5D9572B39C2F400E419D5 /* hiddenlake@2x.jpg in Resources */,
				65E5D9512B39C2F400E419D5 /* umbagog@2x.jpg in Resources */,
				65E5D95B2B39C2F400E419D5 /* rainbowlake@2x.jpg in Resources */,
				65E5D9562B39C2F400E419D5 /* icybay@2x.jpg in Resources */,
				65E5D9552B39C2F400E419D5 /* silversalmoncreek@2x.jpg in Resources */,
				65E5D9352B39BEBC00E419D5 /* Preview Assets.xcassets in Resources */,
				65E5D95C2B39C2F400E419D5 /* landmarkData.json in Resources */,
				65E5D95D2B39C2F400E419D5 /* turtlerock@2x.jpg in Resources */,
				65E5D9522B39C2F400E419D5 /* twinlake@2x.jpg in Resources */,
				65E5D9592B39C2F400E419D5 /* stmarylake@2x.jpg in Resources */,
				65E5D9542B39C2F400E419D5 /* lakemcdonald@2x.jpg in Resources */,
				65E5D9582B39C2F400E419D5 /* chilkoottrail@2x.jpg in Resources */,
				65E5D9322B39BEBC00E419D5 /* Assets.xcassets in Resources */,
				65E5D9532B39C2F400E419D5 /* chincoteague@2x.jpg in Resources */,
			);
			runOnlyForDeploymentPostprocessing = 0;
		};
/* End PBXResourcesBuildPhase section */

/* Begin PBXSourcesBuildPhase section */
		65E5D9262B39BEBA00E419D5 /* Sources */ = {
			isa = PBXSourcesBuildPhase;
			buildActionMask = 2147483647;
			files = (
				65E5D9302B39BEBA00E419D5 /* ContentView.swift in Sources */,
				65E5D93E2B39BF8B00E419D5 /* CircleImage.swift in Sources */,
				65E5D93D2B39BF8B00E419D5 /* MapView.swift in Sources */,
				65686CD22B3D4E3B0005AEF8 /* LandmarkList.swift in Sources */,
				65686CD42B3D57700005AEF8 /* LandmarkDetail.swift in Sources */,
				65E5D92E2B39BEBA00E419D5 /* LandmarkApp.swift in Sources */,
				65E5D95F2B39C32800E419D5 /* Landmark.swift in Sources */,
				6522677E2B3ADB300068E9EA /* LandmarkRow.swift in Sources */,
				65E5D9612B3A0E5C00E419D5 /* ModelData.swift in Sources */,
			);
			runOnlyForDeploymentPostprocessing = 0;
		};
/* End PBXSourcesBuildPhase section */

/* Begin XCBuildConfiguration section */
		65E5D9362B39BEBC00E419D5 /* Debug */ = {
			isa = XCBuildConfiguration;
			buildSettings = {
				ALWAYS_SEARCH_USER_PATHS = NO;
				ASSETCATALOG_COMPILER_GENERATE_SWIFT_ASSET_SYMBOL_EXTENSIONS = YES;
				CLANG_ANALYZER_NONNULL = YES;
				CLANG_ANALYZER_NUMBER_OBJECT_CONVERSION = YES_AGGRESSIVE;
				CLANG_CXX_LANGUAGE_STANDARD = "gnu++20";
				CLANG_ENABLE_MODULES = YES;
				CLANG_ENABLE_OBJC_ARC = YES;
				CLANG_ENABLE_OBJC_WEAK = YES;
				CLANG_WARN_BLOCK_CAPTURE_AUTORELEASING = YES;
				CLANG_WARN_BOOL_CONVERSION = YES;
				CLANG_WARN_COMMA = YES;
				CLANG_WARN_CONSTANT_CONVERSION = YES;
				CLANG_WARN_DEPRECATED_OBJC_IMPLEMENTATIONS = YES;
				CLANG_WARN_DIRECT_OBJC_ISA_USAGE = YES_ERROR;
				CLANG_WARN_DOCUMENTATION_COMMENTS = YES;
				CLANG_WARN_EMPTY_BODY = YES;
				CLANG_WARN_ENUM_CONVERSION = YES;
				CLANG_WARN_INFINITE_RECURSION = YES;
				CLANG_WARN_INT_CONVERSION = YES;
				CLANG_WARN_NON_LITERAL_NULL_CONVERSION = YES;
				CLANG_WARN_OBJC_IMPLICIT_RETAIN_SELF = YES;
				CLANG_WARN_OBJC_LITERAL_CONVERSION = YES;
				CLANG_WARN_OBJC_ROOT_CLASS = YES_ERROR;
				CLANG_WARN_QUOTED_INCLUDE_IN_FRAMEWORK_HEADER = YES;
				CLANG_WARN_RANGE_LOOP_ANALYSIS = YES;
				CLANG_WARN_STRICT_PROTOTYPES = YES;
				CLANG_WARN_SUSPICIOUS_MOVE = YES;
				CLANG_WARN_UNGUARDED_AVAILABILITY = YES_AGGRESSIVE;
				CLANG_WARN_UNREACHABLE_CODE = YES;
				CLANG_WARN__DUPLICATE_METHOD_MATCH = YES;
				COPY_PHASE_STRIP = NO;
				DEBUG_INFORMATION_FORMAT = dwarf;
				ENABLE_STRICT_OBJC_MSGSEND = YES;
				ENABLE_TESTABILITY = YES;
				ENABLE_USER_SCRIPT_SANDBOXING = YES;
				GCC_C_LANGUAGE_STANDARD = gnu17;
				GCC_DYNAMIC_NO_PIC = NO;
				GCC_NO_COMMON_BLOCKS = YES;
				GCC_OPTIMIZATION_LEVEL = 0;
				GCC_PREPROCESSOR_DEFINITIONS = (
					"DEBUG=1",
					"$(inherited)",
				);
				GCC_WARN_64_TO_32_BIT_CONVERSION = YES;
				GCC_WARN_ABOUT_RETURN_TYPE = YES_ERROR;
				GCC_WARN_UNDECLARED_SELECTOR = YES;
				GCC_WARN_UNINITIALIZED_AUTOS = YES_AGGRESSIVE;
				GCC_WARN_UNUSED_FUNCTION = YES;
				GCC_WARN_UNUSED_VARIABLE = YES;
				IPHONEOS_DEPLOYMENT_TARGET = 17.0;
				LOCALIZATION_PREFERS_STRING_CATALOGS = YES;
				MTL_ENABLE_DEBUG_INFO = INCLUDE_SOURCE;
				MTL_FAST_MATH = YES;
				ONLY_ACTIVE_ARCH = YES;
				SDKROOT = iphoneos;
				SWIFT_ACTIVE_COMPILATION_CONDITIONS = "DEBUG $(inherited)";
				SWIFT_OPTIMIZATION_LEVEL = "-Onone";
			};
			name = Debug;
		};
		65E5D9372B39BEBC00E419D5 /* Release */ = {
			isa = XCBuildConfiguration;
			buildSettings = {
				ALWAYS_SEARCH_USER_PATHS = NO;
				ASSETCATALOG_COMPILER_GENERATE_SWIFT_ASSET_SYMBOL_EXTENSIONS = YES;
				CLANG_ANALYZER_NONNULL = YES;
				CLANG_ANALYZER_NUMBER_OBJECT_CONVERSION = YES_AGGRESSIVE;
				CLANG_CXX_LANGUAGE_STANDARD = "gnu++20";
				CLANG_ENABLE_MODULES = YES;
				CLANG_ENABLE_OBJC_ARC = YES;
				CLANG_ENABLE_OBJC_WEAK = YES;
				CLANG_WARN_BLOCK_CAPTURE_AUTORELEASING = YES;
				CLANG_WARN_BOOL_CONVERSION = YES;
				CLANG_WARN_COMMA = YES;
				CLANG_WARN_CONSTANT_CONVERSION = YES;
				CLANG_WARN_DEPRECATED_OBJC_IMPLEMENTATIONS = YES;
				CLANG_WARN_DIRECT_OBJC_ISA_USAGE = YES_ERROR;
				CLANG_WARN_DOCUMENTATION_COMMENTS = YES;
				CLANG_WARN_EMPTY_BODY = YES;
				CLANG_WARN_ENUM_CONVERSION = YES;
				CLANG_WARN_INFINITE_RECURSION = YES;
				CLANG_WARN_INT_CONVERSION = YES;
				CLANG_WARN_NON_LITERAL_NULL_CONVERSION = YES;
				CLANG_WARN_OBJC_IMPLICIT_RETAIN_SELF = YES;
				CLANG_WARN_OBJC_LITERAL_CONVERSION = YES;
				CLANG_WARN_OBJC_ROOT_CLASS = YES_ERROR;
				CLANG_WARN_QUOTED_INCLUDE_IN_FRAMEWORK_HEADER = YES;
				CLANG_WARN_RANGE_LOOP_ANALYSIS = YES;
				CLANG_WARN_STRICT_PROTOTYPES = YES;
				CLANG_WARN_SUSPICIOUS_MOVE = YES;
				CLANG_WARN_UNGUARDED_AVAILABILITY = YES_AGGRESSIVE;
				CLANG_WARN_UNREACHABLE_CODE = YES;
				CLANG_WARN__DUPLICATE_METHOD_MATCH = YES;
				COPY_PHASE_STRIP = NO;
				DEBUG_INFORMATION_FORMAT = "dwarf-with-dsym";
				ENABLE_NS_ASSERTIONS = NO;
				ENABLE_STRICT_OBJC_MSGSEND = YES;
				ENABLE_USER_SCRIPT_SANDBOXING = YES;
				GCC_C_LANGUAGE_STANDARD = gnu17;
				GCC_NO_COMMON_BLOCKS = YES;
				GCC_WARN_64_TO_32_BIT_CONVERSION = YES;
				GCC_WARN_ABOUT_RETURN_TYPE = YES_ERROR;
				GCC_WARN_UNDECLARED_SELECTOR = YES;
				GCC_WARN_UNINITIALIZED_AUTOS = YES_AGGRESSIVE;
				GCC_WARN_UNUSED_FUNCTION = YES;
				GCC_WARN_UNUSED_VARIABLE = YES;
				IPHONEOS_DEPLOYMENT_TARGET = 17.0;
				LOCALIZATION_PREFERS_STRING_CATALOGS = YES;
				MTL_ENABLE_DEBUG_INFO = NO;
				MTL_FAST_MATH = YES;
				SDKROOT = iphoneos;
				SWIFT_COMPILATION_MODE = wholemodule;
				VALIDATE_PRODUCT = YES;
			};
			name = Release;
		};
		65E5D9392B39BEBC00E419D5 /* Debug */ = {
			isa = XCBuildConfiguration;
			buildSettings = {
				ASSETCATALOG_COMPILER_APPICON_NAME = AppIcon;
				ASSETCATALOG_COMPILER_GLOBAL_ACCENT_COLOR_NAME = AccentColor;
				CODE_SIGN_STYLE = Automatic;
				CURRENT_PROJECT_VERSION = 1;
				DEVELOPMENT_ASSET_PATHS = "\"Landmark/Preview Content\"";
				DEVELOPMENT_TEAM = 2FPAJ275VU;
				ENABLE_PREVIEWS = YES;
				GENERATE_INFOPLIST_FILE = YES;
				INFOPLIST_KEY_UIApplicationSceneManifest_Generation = YES;
				INFOPLIST_KEY_UIApplicationSupportsIndirectInputEvents = YES;
				INFOPLIST_KEY_UILaunchScreen_Generation = YES;
				INFOPLIST_KEY_UISupportedInterfaceOrientations_iPad = "UIInterfaceOrientationPortrait UIInterfaceOrientationPortraitUpsideDown UIInterfaceOrientationLandscapeLeft UIInterfaceOrientationLandscapeRight";
				INFOPLIST_KEY_UISupportedInterfaceOrientations_iPhone = "UIInterfaceOrientationPortrait UIInterfaceOrientationLandscapeLeft UIInterfaceOrientationLandscapeRight";
				LD_RUNPATH_SEARCH_PATHS = (
					"$(inherited)",
					"@executable_path/Frameworks",
				);
				MARKETING_VERSION = 1.0;
				PRODUCT_BUNDLE_IDENTIFIER = com.inho.Landmark;
				PRODUCT_NAME = "$(TARGET_NAME)";
				SWIFT_EMIT_LOC_STRINGS = YES;
				SWIFT_VERSION = 5.0;
				TARGETED_DEVICE_FAMILY = "1,2";
			};
			name = Debug;
		};
		65E5D93A2B39BEBC00E419D5 /* Release */ = {
			isa = XCBuildConfiguration;
			buildSettings = {
				ASSETCATALOG_COMPILER_APPICON_NAME = AppIcon;
				ASSETCATALOG_COMPILER_GLOBAL_ACCENT_COLOR_NAME = AccentColor;
				CODE_SIGN_STYLE = Automatic;
				CURRENT_PROJECT_VERSION = 1;
				DEVELOPMENT_ASSET_PATHS = "\"Landmark/Preview Content\"";
				DEVELOPMENT_TEAM = 2FPAJ275VU;
				ENABLE_PREVIEWS = YES;
				GENERATE_INFOPLIST_FILE = YES;
				INFOPLIST_KEY_UIApplicationSceneManifest_Generation = YES;
				INFOPLIST_KEY_UIApplicationSupportsIndirectInputEvents = YES;
				INFOPLIST_KEY_UILaunchScreen_Generation = YES;
				INFOPLIST_KEY_UISupportedInterfaceOrientations_iPad = "UIInterfaceOrientationPortrait UIInterfaceOrientationPortraitUpsideDown UIInterfaceOrientationLandscapeLeft UIInterfaceOrientationLandscapeRight";
				INFOPLIST_KEY_UISupportedInterfaceOrientations_iPhone = "UIInterfaceOrientationPortrait UIInterfaceOrientationLandscapeLeft UIInterfaceOrientationLandscapeRight";
				LD_RUNPATH_SEARCH_PATHS = (
					"$(inherited)",
					"@executable_path/Frameworks",
				);
				MARKETING_VERSION = 1.0;
				PRODUCT_BUNDLE_IDENTIFIER = com.inho.Landmark;
				PRODUCT_NAME = "$(TARGET_NAME)";
				SWIFT_EMIT_LOC_STRINGS = YES;
				SWIFT_VERSION = 5.0;
				TARGETED_DEVICE_FAMILY = "1,2";
			};
			name = Release;
		};
/* End XCBuildConfiguration section */

/* Begin XCConfigurationList section */
		65E5D9252B39BEBA00E419D5 /* Build configuration list for PBXProject "Landmark" */ = {
			isa = XCConfigurationList;
			buildConfigurations = (
				65E5D9362B39BEBC00E419D5 /* Debug */,
				65E5D9372B39BEBC00E419D5 /* Release */,
			);
			defaultConfigurationIsVisible = 0;
			defaultConfigurationName = Release;
		};
		65E5D9382B39BEBC00E419D5 /* Build configuration list for PBXNativeTarget "Landmark" */ = {
			isa = XCConfigurationList;
			buildConfigurations = (
				65E5D9392B39BEBC00E419D5 /* Debug */,
				65E5D93A2B39BEBC00E419D5 /* Release */,
			);
			defaultConfigurationIsVisible = 0;
			defaultConfigurationName = Release;
		};
/* End XCConfigurationList section */
	};
	rootObject = 65E5D9222B39BEBA00E419D5 /* Project object */;
}
